
Microsoft Visual Studio Solution File, Format Version 12.00
# Visual Studio 15
VisualStudioVersion = 15.0.27130.2036
MinimumVisualStudioVersion = 10.0.40219.1
Project("{9A19103F-16F7-4668-BE54-9A1E7A4F7556}") = "Web", "Web\Web.csproj", "{56352172-CD6E-40FD-B39B-BE3EA7A38E44}"
EndProject
Project("{9A19103F-16F7-4668-BE54-9A1E7A4F7556}") = "AspNetIdentityAuthenticationServices", "AspNetIdentityAuthenticationServices\AspNetIdentityAuthenticationServices.csproj", "{11B13899-F3A3-459C-B6EC-AB2F79BED10E}"
EndProject
Project("{9A19103F-16F7-4668-BE54-9A1E7A4F7556}") = "BaseServices", "BaseServices\BaseServices.csproj", "{FD408B84-1E22-4ECD-926F-8CE030EFE12D}"
EndProject
Project("{9A19103F-16F7-4668-BE54-9A1E7A4F7556}") = "Database.EntityFrameworkCore", "Database\Database.EntityFrameworkCore.csproj", "{57E5573B-5821-4204-BE8D-C4EE96090E9D}"
EndProject
Project("{9A19103F-16F7-4668-BE54-9A1E7A4F7556}") = "Domain", "Domain\Domain.csproj", "{1856BDD7-E45C-4C04-B175-4F46C99445BE}"
EndProject
Project("{9A19103F-16F7-4668-BE54-9A1E7A4F7556}") = "MailKitEmailService", "MailKitEmailService\MailKitEmailService.csproj", "{FEF2E4DD-476E-4875-841E-F9191E1B4F1D}"
EndProject
Project("{9A19103F-16F7-4668-BE54-9A1E7A4F7556}") = "Servises.Interfaces", "Servises.Interfaces\Servises.Interfaces.csproj", "{F6F3A6A6-4BEE-49AB-83CB-1F4FA565EFAF}"
EndProject
Project("{9A19103F-16F7-4668-BE54-9A1E7A4F7556}") = "Utils", "Utils\Utils.csproj", "{F282E22E-2932-43B4-8A12-359D073084A4}"
EndProject
Project("{2150E333-8FDC-42A3-9474-1A3956D46DE8}") = "Core", "Core", "{1600135E-60B3-46AD-85A8-2CDCB96BDF8A}"
EndProject
Project("{2150E333-8FDC-42A3-9474-1A3956D46DE8}") = "Level 0 domain", "Level 0 domain", "{6A7F9C2F-4312-48A5-B16D-25F58CF95A3A}"
EndProject
Project("{2150E333-8FDC-42A3-9474-1A3956D46DE8}") = "Level 1 servises interfaces", "Level 1 servises interfaces", "{C5F5EB69-CBCB-4316-AB86-D79C093065BC}"
EndProject
Project("{2150E333-8FDC-42A3-9474-1A3956D46DE8}") = "Level 2 implementing services", "Level 2 implementing services", "{79DF7575-1CB1-4B46-9F22-89F49481C761}"
EndProject
Project("{2150E333-8FDC-42A3-9474-1A3956D46DE8}") = "Infrastructure", "Infrastructure", "{27D92DD6-173A-44A0-93B0-87691B5C1C84}"
EndProject
Project("{2150E333-8FDC-42A3-9474-1A3956D46DE8}") = "Tests", "Tests", "{71A648E9-F4A5-49E5-A4E0-ACF791C24035}"
EndProject
Project("{2150E333-8FDC-42A3-9474-1A3956D46DE8}") = "Utils", "Utils", "{B226063C-627B-4343-A091-0B4FE09BC4A5}"
EndProject
Project("{9A19103F-16F7-4668-BE54-9A1E7A4F7556}") = "EntityFrameworkLoggingService", "EntityFrameworkLoggingService\EntityFrameworkLoggingService.csproj", "{B1BC7AEB-777D-489D-B968-DA75D0A12BB3}"
EndProject
Project("{FAE04EC0-301F-11D3-BF4B-00C04F79EFBC}") = "Domain.Services.Interfaces", "Domain.Services.Interfaces\Domain.Services.Interfaces.csproj", "{2CA9BEF3-A692-418F-8533-0D1C006807D6}"
EndProject
Project("{FAE04EC0-301F-11D3-BF4B-00C04F79EFBC}") = "ProductsServices", "ProductsServices\ProductsServices.csproj", "{5CBF581A-BF3B-4A1D-A109-828933A7F4E2}"
EndProject
Global
	GlobalSection(SolutionConfigurationPlatforms) = preSolution
		Debug|Any CPU = Debug|Any CPU
		Release|Any CPU = Release|Any CPU
	EndGlobalSection
	GlobalSection(ProjectConfigurationPlatforms) = postSolution
		{56352172-CD6E-40FD-B39B-BE3EA7A38E44}.Debug|Any CPU.ActiveCfg = Debug|Any CPU
		{56352172-CD6E-40FD-B39B-BE3EA7A38E44}.Debug|Any CPU.Build.0 = Debug|Any CPU
		{56352172-CD6E-40FD-B39B-BE3EA7A38E44}.Release|Any CPU.ActiveCfg = Release|Any CPU
		{56352172-CD6E-40FD-B39B-BE3EA7A38E44}.Release|Any CPU.Build.0 = Release|Any CPU
		{11B13899-F3A3-459C-B6EC-AB2F79BED10E}.Debug|Any CPU.ActiveCfg = Debug|Any CPU
		{11B13899-F3A3-459C-B6EC-AB2F79BED10E}.Debug|Any CPU.Build.0 = Debug|Any CPU
		{11B13899-F3A3-459C-B6EC-AB2F79BED10E}.Release|Any CPU.ActiveCfg = Release|Any CPU
		{11B13899-F3A3-459C-B6EC-AB2F79BED10E}.Release|Any CPU.Build.0 = Release|Any CPU
		{FD408B84-1E22-4ECD-926F-8CE030EFE12D}.Debug|Any CPU.ActiveCfg = Debug|Any CPU
		{FD408B84-1E22-4ECD-926F-8CE030EFE12D}.Debug|Any CPU.Build.0 = Debug|Any CPU
		{FD408B84-1E22-4ECD-926F-8CE030EFE12D}.Release|Any CPU.ActiveCfg = Release|Any CPU
		{FD408B84-1E22-4ECD-926F-8CE030EFE12D}.Release|Any CPU.Build.0 = Release|Any CPU
		{57E5573B-5821-4204-BE8D-C4EE96090E9D}.Debug|Any CPU.ActiveCfg = Debug|Any CPU
		{57E5573B-5821-4204-BE8D-C4EE96090E9D}.Debug|Any CPU.Build.0 = Debug|Any CPU
		{57E5573B-5821-4204-BE8D-C4EE96090E9D}.Release|Any CPU.ActiveCfg = Release|Any CPU
		{57E5573B-5821-4204-BE8D-C4EE96090E9D}.Release|Any CPU.Build.0 = Release|Any CPU
		{1856BDD7-E45C-4C04-B175-4F46C99445BE}.Debug|Any CPU.ActiveCfg = Debug|Any CPU
		{1856BDD7-E45C-4C04-B175-4F46C99445BE}.Debug|Any CPU.Build.0 = Debug|Any CPU
		{1856BDD7-E45C-4C04-B175-4F46C99445BE}.Release|Any CPU.ActiveCfg = Release|Any CPU
		{1856BDD7-E45C-4C04-B175-4F46C99445BE}.Release|Any CPU.Build.0 = Release|Any CPU
		{FEF2E4DD-476E-4875-841E-F9191E1B4F1D}.Debug|Any CPU.ActiveCfg = Debug|Any CPU
		{FEF2E4DD-476E-4875-841E-F9191E1B4F1D}.Debug|Any CPU.Build.0 = Debug|Any CPU
		{FEF2E4DD-476E-4875-841E-F9191E1B4F1D}.Release|Any CPU.ActiveCfg = Release|Any CPU
		{FEF2E4DD-476E-4875-841E-F9191E1B4F1D}.Release|Any CPU.Build.0 = Release|Any CPU
		{F6F3A6A6-4BEE-49AB-83CB-1F4FA565EFAF}.Debug|Any CPU.ActiveCfg = Debug|Any CPU
		{F6F3A6A6-4BEE-49AB-83CB-1F4FA565EFAF}.Debug|Any CPU.Build.0 = Debug|Any CPU
		{F6F3A6A6-4BEE-49AB-83CB-1F4FA565EFAF}.Release|Any CPU.ActiveCfg = Release|Any CPU
		{F6F3A6A6-4BEE-49AB-83CB-1F4FA565EFAF}.Release|Any CPU.Build.0 = Release|Any CPU
		{F282E22E-2932-43B4-8A12-359D073084A4}.Debug|Any CPU.ActiveCfg = Debug|Any CPU
		{F282E22E-2932-43B4-8A12-359D073084A4}.Debug|Any CPU.Build.0 = Debug|Any CPU
		{F282E22E-2932-43B4-8A12-359D073084A4}.Release|Any CPU.ActiveCfg = Release|Any CPU
		{F282E22E-2932-43B4-8A12-359D073084A4}.Release|Any CPU.Build.0 = Release|Any CPU
		{B1BC7AEB-777D-489D-B968-DA75D0A12BB3}.Debug|Any CPU.ActiveCfg = Debug|Any CPU
		{B1BC7AEB-777D-489D-B968-DA75D0A12BB3}.Debug|Any CPU.Build.0 = Debug|Any CPU
		{B1BC7AEB-777D-489D-B968-DA75D0A12BB3}.Release|Any CPU.ActiveCfg = Release|Any CPU
		{B1BC7AEB-777D-489D-B968-DA75D0A12BB3}.Release|Any CPU.Build.0 = Release|Any CPU
		{2CA9BEF3-A692-418F-8533-0D1C006807D6}.Debug|Any CPU.ActiveCfg = Debug|Any CPU
		{2CA9BEF3-A692-418F-8533-0D1C006807D6}.Debug|Any CPU.Build.0 = Debug|Any CPU
		{2CA9BEF3-A692-418F-8533-0D1C006807D6}.Release|Any CPU.ActiveCfg = Release|Any CPU
		{2CA9BEF3-A692-418F-8533-0D1C006807D6}.Release|Any CPU.Build.0 = Release|Any CPU
		{5CBF581A-BF3B-4A1D-A109-828933A7F4E2}.Debug|Any CPU.ActiveCfg = Debug|Any CPU
		{5CBF581A-BF3B-4A1D-A109-828933A7F4E2}.Debug|Any CPU.Build.0 = Debug|Any CPU
		{5CBF581A-BF3B-4A1D-A109-828933A7F4E2}.Release|Any CPU.ActiveCfg = Release|Any CPU
		{5CBF581A-BF3B-4A1D-A109-828933A7F4E2}.Release|Any CPU.Build.0 = Release|Any CPU
	EndGlobalSection
	GlobalSection(SolutionProperties) = preSolution
		HideSolutionNode = FALSE
	EndGlobalSection
	GlobalSection(NestedProjects) = preSolution
		{11B13899-F3A3-459C-B6EC-AB2F79BED10E} = {79DF7575-1CB1-4B46-9F22-89F49481C761}
		{FD408B84-1E22-4ECD-926F-8CE030EFE12D} = {79DF7575-1CB1-4B46-9F22-89F49481C761}
		{57E5573B-5821-4204-BE8D-C4EE96090E9D} = {27D92DD6-173A-44A0-93B0-87691B5C1C84}
		{1856BDD7-E45C-4C04-B175-4F46C99445BE} = {6A7F9C2F-4312-48A5-B16D-25F58CF95A3A}
		{FEF2E4DD-476E-4875-841E-F9191E1B4F1D} = {79DF7575-1CB1-4B46-9F22-89F49481C761}
		{F6F3A6A6-4BEE-49AB-83CB-1F4FA565EFAF} = {C5F5EB69-CBCB-4316-AB86-D79C093065BC}
		{F282E22E-2932-43B4-8A12-359D073084A4} = {B226063C-627B-4343-A091-0B4FE09BC4A5}
		{6A7F9C2F-4312-48A5-B16D-25F58CF95A3A} = {1600135E-60B3-46AD-85A8-2CDCB96BDF8A}
		{C5F5EB69-CBCB-4316-AB86-D79C093065BC} = {1600135E-60B3-46AD-85A8-2CDCB96BDF8A}
		{79DF7575-1CB1-4B46-9F22-89F49481C761} = {1600135E-60B3-46AD-85A8-2CDCB96BDF8A}
		{B1BC7AEB-777D-489D-B968-DA75D0A12BB3} = {79DF7575-1CB1-4B46-9F22-89F49481C761}
		{2CA9BEF3-A692-418F-8533-0D1C006807D6} = {6A7F9C2F-4312-48A5-B16D-25F58CF95A3A}
		{5CBF581A-BF3B-4A1D-A109-828933A7F4E2} = {79DF7575-1CB1-4B46-9F22-89F49481C761}
	EndGlobalSection
	GlobalSection(ExtensibilityGlobals) = postSolution
		SolutionGuid = {64C15E80-BAE4-4167-8125-976447252463}
	EndGlobalSection
EndGlobal
